// !$*UTF8*$!
{
	archiveVersion = 1;
	classes = {
	};
	objectVersion = 46;
	objects = {

/* Begin PBXBuildFile section */
		4D1E5C921D44EAED0057DC76 /* main.m in Sources */ = {isa = PBXBuildFile; fileRef = 4D1E5C911D44EAED0057DC76 /* main.m */; };
		4D1E5C951D44EAED0057DC76 /* AppDelegate.m in Sources */ = {isa = PBXBuildFile; fileRef = 4D1E5C941D44EAED0057DC76 /* AppDelegate.m */; };
		4D1E5C9B1D44EAED0057DC76 /* Main.storyboard in Resources */ = {isa = PBXBuildFile; fileRef = 4D1E5C991D44EAED0057DC76 /* Main.storyboard */; };
		4D1E5C9D1D44EAED0057DC76 /* Assets.xcassets in Resources */ = {isa = PBXBuildFile; fileRef = 4D1E5C9C1D44EAED0057DC76 /* Assets.xcassets */; };
		4D1E5CA01D44EAED0057DC76 /* LaunchScreen.storyboard in Resources */ = {isa = PBXBuildFile; fileRef = 4D1E5C9E1D44EAED0057DC76 /* LaunchScreen.storyboard */; };
		4D1E5CAB1D44EAED0057DC76 /* CalTests.m in Sources */ = {isa = PBXBuildFile; fileRef = 4D1E5CAA1D44EAED0057DC76 /* CalTests.m */; };
		4D1E5CB61D44EAED0057DC76 /* CalUITests.m in Sources */ = {isa = PBXBuildFile; fileRef = 4D1E5CB51D44EAED0057DC76 /* CalUITests.m */; };
		4D1E5CC81D44EC740057DC76 /* SRMMonthDayCell.m in Sources */ = {isa = PBXBuildFile; fileRef = 4D1E5CC71D44EC740057DC76 /* SRMMonthDayCell.m */; };
		4D1E5D5F1D46E5990057DC76 /* SRMMonthViewLayout.m in Sources */ = {isa = PBXBuildFile; fileRef = 4D1E5D5E1D46E5990057DC76 /* SRMMonthViewLayout.m */; };
		4D1E5D621D46F95A0057DC76 /* SRMCalendarTool.m in Sources */ = {isa = PBXBuildFile; fileRef = 4D1E5D611D46F95A0057DC76 /* SRMCalendarTool.m */; };
		4D1E5D651D4705BE0057DC76 /* SRMCalendarHeader.m in Sources */ = {isa = PBXBuildFile; fileRef = 4D1E5D641D4705BE0057DC76 /* SRMCalendarHeader.m */; };
		4D1E5D6D1D48D6B70057DC76 /* SRMMonthDayCell.xib in Resources */ = {isa = PBXBuildFile; fileRef = 4D1E5D6C1D48D6B70057DC76 /* SRMMonthDayCell.xib */; };
		4D3513A51D4ACB0900D2B128 /* SRMCalendarConstance.m in Sources */ = {isa = PBXBuildFile; fileRef = 4D3513A41D4ACB0900D2B128 /* SRMCalendarConstance.m */; };
		4D3513A91D4AED2600D2B128 /* SRMWeekDayCell.m in Sources */ = {isa = PBXBuildFile; fileRef = 4D3513A71D4AED2600D2B128 /* SRMWeekDayCell.m */; };
		4D3513AA1D4AED2600D2B128 /* SRMWeekDayCell.xib in Resources */ = {isa = PBXBuildFile; fileRef = 4D3513A81D4AED2600D2B128 /* SRMWeekDayCell.xib */; };
		4D3513AD1D4AF28900D2B128 /* SRMWeekViewFlowLayout.m in Sources */ = {isa = PBXBuildFile; fileRef = 4D3513AC1D4AF28900D2B128 /* SRMWeekViewFlowLayout.m */; };
		4D3513B01D4CD77B00D2B128 /* SRMEventEditViewController.m in Sources */ = {isa = PBXBuildFile; fileRef = 4D3513AF1D4CD77B00D2B128 /* SRMEventEditViewController.m */; };
		4D3513B31D4CE85900D2B128 /* SRMMonthWeekdayHeader.m in Sources */ = {isa = PBXBuildFile; fileRef = 4D3513B21D4CE85900D2B128 /* SRMMonthWeekdayHeader.m */; };
		4D3513B61D4CEA2100D2B128 /* SRMCalendarAppearance.m in Sources */ = {isa = PBXBuildFile; fileRef = 4D3513B51D4CEA2100D2B128 /* SRMCalendarAppearance.m */; };
		4D3513B91D4D9B7600D2B128 /* SRMWeekWeekdayHeader.m in Sources */ = {isa = PBXBuildFile; fileRef = 4D3513B81D4D9B7600D2B128 /* SRMWeekWeekdayHeader.m */; };
		4D3513BF1D4DDACE00D2B128 /* SRMEventStore.m in Sources */ = {isa = PBXBuildFile; fileRef = 4D3513BE1D4DDACE00D2B128 /* SRMEventStore.m */; };
		4D3513CF1D4E29E800D2B128 /* SRMEventCell.m in Sources */ = {isa = PBXBuildFile; fileRef = 4D3513CD1D4E29E800D2B128 /* SRMEventCell.m */; };
		4D3513D01D4E29E800D2B128 /* SRMEventCell.xib in Resources */ = {isa = PBXBuildFile; fileRef = 4D3513CE1D4E29E800D2B128 /* SRMEventCell.xib */; };
		4D3513D61D4ED93D00D2B128 /* SRMListHeader.m in Sources */ = {isa = PBXBuildFile; fileRef = 4D3513D51D4ED93D00D2B128 /* SRMListHeader.m */; };
		4D3513D81D4EDD8900D2B128 /* SRMListHeader.xib in Resources */ = {isa = PBXBuildFile; fileRef = 4D3513D71D4EDD8900D2B128 /* SRMListHeader.xib */; };
		4D3513E11D4F04D500D2B128 /* SRMTask.m in Sources */ = {isa = PBXBuildFile; fileRef = 4D3513E01D4F04D500D2B128 /* SRMTask.m */; };
		4D3513E41D4F091800D2B128 /* SRMTaskStore.m in Sources */ = {isa = PBXBuildFile; fileRef = 4D3513E31D4F091800D2B128 /* SRMTaskStore.m */; };
		4D3513F31D4F172B00D2B128 /* SRMTaskCell.m in Sources */ = {isa = PBXBuildFile; fileRef = 4D3513F11D4F172B00D2B128 /* SRMTaskCell.m */; };
		4D3513F41D4F172B00D2B128 /* SRMTaskCell.xib in Resources */ = {isa = PBXBuildFile; fileRef = 4D3513F21D4F172B00D2B128 /* SRMTaskCell.xib */; };
		4D85DEE41D580F96000B9584 /* SRMDayHeader.m in Sources */ = {isa = PBXBuildFile; fileRef = 4D85DEE31D580F96000B9584 /* SRMDayHeader.m */; };
		4D95A9971D5872B700526D78 /* SRMMonthViewFlowLayout.m in Sources */ = {isa = PBXBuildFile; fileRef = 4D95A9961D5872B700526D78 /* SRMMonthViewFlowLayout.m */; };
		4D95A99A1D5873B800526D78 /* SRMMonthBoardView.m in Sources */ = {isa = PBXBuildFile; fileRef = 4D95A9991D5873B800526D78 /* SRMMonthBoardView.m */; };
		4D95A9A51D58AB9100526D78 /* SRMDayBoardView.m in Sources */ = {isa = PBXBuildFile; fileRef = 4D95A9A41D58AB9100526D78 /* SRMDayBoardView.m */; };
		4D95A9A81D58B2C700526D78 /* SRMDayScheduleLayout.m in Sources */ = {isa = PBXBuildFile; fileRef = 4D95A9A71D58B2C700526D78 /* SRMDayScheduleLayout.m */; };
		4D95A9AC1D58BC8400526D78 /* SRMDayScheduleCell.m in Sources */ = {isa = PBXBuildFile; fileRef = 4D95A9AA1D58BC8400526D78 /* SRMDayScheduleCell.m */; };
		4D95A9AD1D58BC8400526D78 /* SRMDayScheduleCell.xib in Resources */ = {isa = PBXBuildFile; fileRef = 4D95A9AB1D58BC8400526D78 /* SRMDayScheduleCell.xib */; };
		4D95A9B21D5B5E9E00526D78 /* SRMCalendarViewController.m in Sources */ = {isa = PBXBuildFile; fileRef = 4D95A9B11D5B5E9E00526D78 /* SRMCalendarViewController.m */; };
		4D95A9B91D5C16E500526D78 /* SRMPageControl.m in Sources */ = {isa = PBXBuildFile; fileRef = 4D95A9B81D5C16E500526D78 /* SRMPageControl.m */; };
		4D95A9BC1D5C1C2900526D78 /* SRMStampStore.m in Sources */ = {isa = PBXBuildFile; fileRef = 4D95A9BB1D5C1C2900526D78 /* SRMStampStore.m */; };
		4D95A9BE1D5C1DA300526D78 /* Stamp.bundle in Resources */ = {isa = PBXBuildFile; fileRef = 4D95A9BD1D5C1DA300526D78 /* Stamp.bundle */; };
		4D95A9C21D5C1EF700526D78 /* SRMStampCell.m in Sources */ = {isa = PBXBuildFile; fileRef = 4D95A9C01D5C1EF700526D78 /* SRMStampCell.m */; };
		4D95A9C31D5C1EF700526D78 /* SRMStampCell.xib in Resources */ = {isa = PBXBuildFile; fileRef = 4D95A9C11D5C1EF700526D78 /* SRMStampCell.xib */; };
		4DB2A9C61D52135600DE9693 /* SRMCalendarToolbar.m in Sources */ = {isa = PBXBuildFile; fileRef = 4DB2A9C51D52135600DE9693 /* SRMCalendarToolbar.m */; };
		4DB2A9CE1D52F3C200DE9693 /* SRMTimeDecoration.m in Sources */ = {isa = PBXBuildFile; fileRef = 4DB2A9CD1D52F3C200DE9693 /* SRMTimeDecoration.m */; };
		4DB2A9D11D52F79900DE9693 /* SRMSwitch.m in Sources */ = {isa = PBXBuildFile; fileRef = 4DB2A9D01D52F79900DE9693 /* SRMSwitch.m */; };
		4DB2A9D41D5328CB00DE9693 /* StaticDataTableViewController.m in Sources */ = {isa = PBXBuildFile; fileRef = 4DB2A9D31D5328CB00DE9693 /* StaticDataTableViewController.m */; };
		4DB2A9D71D536D7F00DE9693 /* Localizable.strings in Resources */ = {isa = PBXBuildFile; fileRef = 4DB2A9D91D536D7F00DE9693 /* Localizable.strings */; };
		4DB2A9E41D54896600DE9693 /* SRMSelectViewController.m in Sources */ = {isa = PBXBuildFile; fileRef = 4DB2A9E31D54896600DE9693 /* SRMSelectViewController.m */; };
		4DB2A9E81D549FC600DE9693 /* SRMSelectCell.m in Sources */ = {isa = PBXBuildFile; fileRef = 4DB2A9E61D549FC600DE9693 /* SRMSelectCell.m */; };
		4DB2A9E91D549FC600DE9693 /* SRMSelectCell.xib in Resources */ = {isa = PBXBuildFile; fileRef = 4DB2A9E71D549FC600DE9693 /* SRMSelectCell.xib */; };
		4DB2A9EC1D555C8200DE9693 /* SRMRepeatEndViewController.m in Sources */ = {isa = PBXBuildFile; fileRef = 4DB2A9EB1D555C8200DE9693 /* SRMRepeatEndViewController.m */; };
		4DD6CF9D1D5C412F009A686A /* SRMStamp.m in Sources */ = {isa = PBXBuildFile; fileRef = 4DD6CF9C1D5C412F009A686A /* SRMStamp.m */; };
		4DD6CFA41D5EB732009A686A /* SRMBoardStampCell.m in Sources */ = {isa = PBXBuildFile; fileRef = 4DD6CFA21D5EB732009A686A /* SRMBoardStampCell.m */; };
		4DD6CFA51D5EB732009A686A /* SRMBoardStampCell.xib in Resources */ = {isa = PBXBuildFile; fileRef = 4DD6CFA31D5EB732009A686A /* SRMBoardStampCell.xib */; };
		4DD6CFA71D5F1D0A009A686A /* SRMMonthBoardView.xib in Resources */ = {isa = PBXBuildFile; fileRef = 4DD6CFA61D5F1D0A009A686A /* SRMMonthBoardView.xib */; };
		4DD6CFAA1D5F2C9F009A686A /* SRMMonthBoardViewLayout.m in Sources */ = {isa = PBXBuildFile; fileRef = 4DD6CFA91D5F2C9F009A686A /* SRMMonthBoardViewLayout.m */; };
		4DD6CFAD1D6189B0009A686A /* SRMEventDetailViewController.m in Sources */ = {isa = PBXBuildFile; fileRef = 4DD6CFAC1D6189B0009A686A /* SRMEventDetailViewController.m */; };
		4DD6CFB01D62CAE9009A686A /* SRMAppearanceViewLayout.m in Sources */ = {isa = PBXBuildFile; fileRef = 4DD6CFAF1D62CAE9009A686A /* SRMAppearanceViewLayout.m */; };
/* End PBXBuildFile section */

/* Begin PBXContainerItemProxy section */
		4D1E5CA71D44EAED0057DC76 /* PBXContainerItemProxy */ = {
			isa = PBXContainerItemProxy;
			containerPortal = 4D1E5C851D44EAED0057DC76 /* Project object */;
			proxyType = 1;
			remoteGlobalIDString = 4D1E5C8C1D44EAED0057DC76;
			remoteInfo = Cal;
		};
		4D1E5CB21D44EAED0057DC76 /* PBXContainerItemProxy */ = {
			isa = PBXContainerItemProxy;
			containerPortal = 4D1E5C851D44EAED0057DC76 /* Project object */;
			proxyType = 1;
			remoteGlobalIDString = 4D1E5C8C1D44EAED0057DC76;
			remoteInfo = Cal;
		};
/* End PBXContainerItemProxy section */

/* Begin PBXFileReference section */
		4D1E5C8D1D44EAED0057DC76 /* Cal.app */ = {isa = PBXFileReference; explicitFileType = wrapper.application; includeInIndex = 0; path = Cal.app; sourceTree = BUILT_PRODUCTS_DIR; };
		4D1E5C911D44EAED0057DC76 /* main.m */ = {isa = PBXFileReference; lastKnownFileType = sourcecode.c.objc; path = main.m; sourceTree = "<group>"; };
		4D1E5C931D44EAED0057DC76 /* AppDelegate.h */ = {isa = PBXFileReference; lastKnownFileType = sourcecode.c.h; path = AppDelegate.h; sourceTree = "<group>"; };
		4D1E5C941D44EAED0057DC76 /* AppDelegate.m */ = {isa = PBXFileReference; lastKnownFileType = sourcecode.c.objc; path = AppDelegate.m; sourceTree = "<group>"; };
		4D1E5C9A1D44EAED0057DC76 /* Base */ = {isa = PBXFileReference; lastKnownFileType = file.storyboard; name = Base; path = Base.lproj/Main.storyboard; sourceTree = "<group>"; };
		4D1E5C9C1D44EAED0057DC76 /* Assets.xcassets */ = {isa = PBXFileReference; lastKnownFileType = folder.assetcatalog; path = Assets.xcassets; sourceTree = "<group>"; };
		4D1E5C9F1D44EAED0057DC76 /* Base */ = {isa = PBXFileReference; lastKnownFileType = file.storyboard; name = Base; path = Base.lproj/LaunchScreen.storyboard; sourceTree = "<group>"; };
		4D1E5CA11D44EAED0057DC76 /* Info.plist */ = {isa = PBXFileReference; lastKnownFileType = text.plist.xml; path = Info.plist; sourceTree = "<group>"; };
		4D1E5CA61D44EAED0057DC76 /* CalTests.xctest */ = {isa = PBXFileReference; explicitFileType = wrapper.cfbundle; includeInIndex = 0; path = CalTests.xctest; sourceTree = BUILT_PRODUCTS_DIR; };
		4D1E5CAA1D44EAED0057DC76 /* CalTests.m */ = {isa = PBXFileReference; lastKnownFileType = sourcecode.c.objc; path = CalTests.m; sourceTree = "<group>"; };
		4D1E5CAC1D44EAED0057DC76 /* Info.plist */ = {isa = PBXFileReference; lastKnownFileType = text.plist.xml; path = Info.plist; sourceTree = "<group>"; };
		4D1E5CB11D44EAED0057DC76 /* CalUITests.xctest */ = {isa = PBXFileReference; explicitFileType = wrapper.cfbundle; includeInIndex = 0; path = CalUITests.xctest; sourceTree = BUILT_PRODUCTS_DIR; };
		4D1E5CB51D44EAED0057DC76 /* CalUITests.m */ = {isa = PBXFileReference; lastKnownFileType = sourcecode.c.objc; path = CalUITests.m; sourceTree = "<group>"; };
		4D1E5CB71D44EAED0057DC76 /* Info.plist */ = {isa = PBXFileReference; lastKnownFileType = text.plist.xml; path = Info.plist; sourceTree = "<group>"; };
		4D1E5CC61D44EC740057DC76 /* SRMMonthDayCell.h */ = {isa = PBXFileReference; fileEncoding = 4; lastKnownFileType = sourcecode.c.h; path = SRMMonthDayCell.h; sourceTree = "<group>"; };
		4D1E5CC71D44EC740057DC76 /* SRMMonthDayCell.m */ = {isa = PBXFileReference; fileEncoding = 4; lastKnownFileType = sourcecode.c.objc; path = SRMMonthDayCell.m; sourceTree = "<group>"; };
		4D1E5D5E1D46E5990057DC76 /* SRMMonthViewLayout.m */ = {isa = PBXFileReference; fileEncoding = 4; lastKnownFileType = sourcecode.c.objc; path = SRMMonthViewLayout.m; sourceTree = "<group>"; };
		4D1E5D601D46F95A0057DC76 /* SRMCalendarTool.h */ = {isa = PBXFileReference; fileEncoding = 4; lastKnownFileType = sourcecode.c.h; path = SRMCalendarTool.h; sourceTree = "<group>"; };
		4D1E5D611D46F95A0057DC76 /* SRMCalendarTool.m */ = {isa = PBXFileReference; fileEncoding = 4; lastKnownFileType = sourcecode.c.objc; path = SRMCalendarTool.m; sourceTree = "<group>"; };
		4D1E5D631D4705BE0057DC76 /* SRMCalendarHeader.h */ = {isa = PBXFileReference; fileEncoding = 4; lastKnownFileType = sourcecode.c.h; path = SRMCalendarHeader.h; sourceTree = "<group>"; };
		4D1E5D641D4705BE0057DC76 /* SRMCalendarHeader.m */ = {isa = PBXFileReference; fileEncoding = 4; lastKnownFileType = sourcecode.c.objc; path = SRMCalendarHeader.m; sourceTree = "<group>"; };
		4D1E5D691D4891880057DC76 /* SRMCalendarViewController.h */ = {isa = PBXFileReference; fileEncoding = 4; lastKnownFileType = sourcecode.c.h; path = SRMCalendarViewController.h; sourceTree = "<group>"; };
		4D1E5D6C1D48D6B70057DC76 /* SRMMonthDayCell.xib */ = {isa = PBXFileReference; fileEncoding = 4; lastKnownFileType = file.xib; path = SRMMonthDayCell.xib; sourceTree = "<group>"; };
		4D3513A31D4ACB0900D2B128 /* SRMCalendarConstance.h */ = {isa = PBXFileReference; fileEncoding = 4; lastKnownFileType = sourcecode.c.h; path = SRMCalendarConstance.h; sourceTree = "<group>"; };
		4D3513A41D4ACB0900D2B128 /* SRMCalendarConstance.m */ = {isa = PBXFileReference; fileEncoding = 4; lastKnownFileType = sourcecode.c.objc; path = SRMCalendarConstance.m; sourceTree = "<group>"; };
		4D3513A61D4AED2600D2B128 /* SRMWeekDayCell.h */ = {isa = PBXFileReference; fileEncoding = 4; lastKnownFileType = sourcecode.c.h; path = SRMWeekDayCell.h; sourceTree = "<group>"; };
		4D3513A71D4AED2600D2B128 /* SRMWeekDayCell.m */ = {isa = PBXFileReference; fileEncoding = 4; lastKnownFileType = sourcecode.c.objc; path = SRMWeekDayCell.m; sourceTree = "<group>"; };
		4D3513A81D4AED2600D2B128 /* SRMWeekDayCell.xib */ = {isa = PBXFileReference; fileEncoding = 4; lastKnownFileType = file.xib; path = SRMWeekDayCell.xib; sourceTree = "<group>"; };
		4D3513AB1D4AF28900D2B128 /* SRMWeekViewFlowLayout.h */ = {isa = PBXFileReference; fileEncoding = 4; lastKnownFileType = sourcecode.c.h; path = SRMWeekViewFlowLayout.h; sourceTree = "<group>"; };
		4D3513AC1D4AF28900D2B128 /* SRMWeekViewFlowLayout.m */ = {isa = PBXFileReference; fileEncoding = 4; lastKnownFileType = sourcecode.c.objc; path = SRMWeekViewFlowLayout.m; sourceTree = "<group>"; };
		4D3513AE1D4CD77B00D2B128 /* SRMEventEditViewController.h */ = {isa = PBXFileReference; fileEncoding = 4; lastKnownFileType = sourcecode.c.h; path = SRMEventEditViewController.h; sourceTree = "<group>"; };
		4D3513AF1D4CD77B00D2B128 /* SRMEventEditViewController.m */ = {isa = PBXFileReference; fileEncoding = 4; lastKnownFileType = sourcecode.c.objc; path = SRMEventEditViewController.m; sourceTree = "<group>"; };
		4D3513B11D4CE85900D2B128 /* SRMMonthWeekdayHeader.h */ = {isa = PBXFileReference; fileEncoding = 4; lastKnownFileType = sourcecode.c.h; path = SRMMonthWeekdayHeader.h; sourceTree = "<group>"; };
		4D3513B21D4CE85900D2B128 /* SRMMonthWeekdayHeader.m */ = {isa = PBXFileReference; fileEncoding = 4; lastKnownFileType = sourcecode.c.objc; path = SRMMonthWeekdayHeader.m; sourceTree = "<group>"; };
		4D3513B41D4CEA2100D2B128 /* SRMCalendarAppearance.h */ = {isa = PBXFileReference; fileEncoding = 4; lastKnownFileType = sourcecode.c.h; path = SRMCalendarAppearance.h; sourceTree = "<group>"; };
		4D3513B51D4CEA2100D2B128 /* SRMCalendarAppearance.m */ = {isa = PBXFileReference; fileEncoding = 4; lastKnownFileType = sourcecode.c.objc; path = SRMCalendarAppearance.m; sourceTree = "<group>"; };
		4D3513B71D4D9B7600D2B128 /* SRMWeekWeekdayHeader.h */ = {isa = PBXFileReference; fileEncoding = 4; lastKnownFileType = sourcecode.c.h; path = SRMWeekWeekdayHeader.h; sourceTree = "<group>"; };
		4D3513B81D4D9B7600D2B128 /* SRMWeekWeekdayHeader.m */ = {isa = PBXFileReference; fileEncoding = 4; lastKnownFileType = sourcecode.c.objc; path = SRMWeekWeekdayHeader.m; sourceTree = "<group>"; };
		4D3513BD1D4DDACE00D2B128 /* SRMEventStore.h */ = {isa = PBXFileReference; fileEncoding = 4; lastKnownFileType = sourcecode.c.h; path = SRMEventStore.h; sourceTree = "<group>"; };
		4D3513BE1D4DDACE00D2B128 /* SRMEventStore.m */ = {isa = PBXFileReference; fileEncoding = 4; lastKnownFileType = sourcecode.c.objc; path = SRMEventStore.m; sourceTree = "<group>"; };
		4D3513CC1D4E29E800D2B128 /* SRMEventCell.h */ = {isa = PBXFileReference; fileEncoding = 4; lastKnownFileType = sourcecode.c.h; path = SRMEventCell.h; sourceTree = "<group>"; };
		4D3513CD1D4E29E800D2B128 /* SRMEventCell.m */ = {isa = PBXFileReference; fileEncoding = 4; lastKnownFileType = sourcecode.c.objc; path = SRMEventCell.m; sourceTree = "<group>"; };
		4D3513CE1D4E29E800D2B128 /* SRMEventCell.xib */ = {isa = PBXFileReference; fileEncoding = 4; lastKnownFileType = file.xib; path = SRMEventCell.xib; sourceTree = "<group>"; };
		4D3513D41D4ED93D00D2B128 /* SRMListHeader.h */ = {isa = PBXFileReference; fileEncoding = 4; lastKnownFileType = sourcecode.c.h; path = SRMListHeader.h; sourceTree = "<group>"; };
		4D3513D51D4ED93D00D2B128 /* SRMListHeader.m */ = {isa = PBXFileReference; fileEncoding = 4; lastKnownFileType = sourcecode.c.objc; path = SRMListHeader.m; sourceTree = "<group>"; };
		4D3513D71D4EDD8900D2B128 /* SRMListHeader.xib */ = {isa = PBXFileReference; fileEncoding = 4; lastKnownFileType = file.xib; path = SRMListHeader.xib; sourceTree = "<group>"; };
		4D3513DF1D4F04D500D2B128 /* SRMTask.h */ = {isa = PBXFileReference; fileEncoding = 4; lastKnownFileType = sourcecode.c.h; path = SRMTask.h; sourceTree = "<group>"; };
		4D3513E01D4F04D500D2B128 /* SRMTask.m */ = {isa = PBXFileReference; fileEncoding = 4; lastKnownFileType = sourcecode.c.objc; path = SRMTask.m; sourceTree = "<group>"; };
		4D3513E21D4F091800D2B128 /* SRMTaskStore.h */ = {isa = PBXFileReference; fileEncoding = 4; lastKnownFileType = sourcecode.c.h; path = SRMTaskStore.h; sourceTree = "<group>"; };
		4D3513E31D4F091800D2B128 /* SRMTaskStore.m */ = {isa = PBXFileReference; fileEncoding = 4; lastKnownFileType = sourcecode.c.objc; path = SRMTaskStore.m; sourceTree = "<group>"; };
		4D3513F01D4F172B00D2B128 /* SRMTaskCell.h */ = {isa = PBXFileReference; fileEncoding = 4; lastKnownFileType = sourcecode.c.h; path = SRMTaskCell.h; sourceTree = "<group>"; };
		4D3513F11D4F172B00D2B128 /* SRMTaskCell.m */ = {isa = PBXFileReference; fileEncoding = 4; lastKnownFileType = sourcecode.c.objc; path = SRMTaskCell.m; sourceTree = "<group>"; };
		4D3513F21D4F172B00D2B128 /* SRMTaskCell.xib */ = {isa = PBXFileReference; fileEncoding = 4; lastKnownFileType = file.xib; path = SRMTaskCell.xib; sourceTree = "<group>"; };
		4D85DEE21D580F96000B9584 /* SRMDayHeader.h */ = {isa = PBXFileReference; fileEncoding = 4; lastKnownFileType = sourcecode.c.h; path = SRMDayHeader.h; sourceTree = "<group>"; };
		4D85DEE31D580F96000B9584 /* SRMDayHeader.m */ = {isa = PBXFileReference; fileEncoding = 4; lastKnownFileType = sourcecode.c.objc; path = SRMDayHeader.m; sourceTree = "<group>"; };
		4D85DEE51D58632B000B9584 /* SRMMonthViewLayout.h */ = {isa = PBXFileReference; fileEncoding = 4; lastKnownFileType = sourcecode.c.h; path = SRMMonthViewLayout.h; sourceTree = "<group>"; };
		4D95A9951D5872B700526D78 /* SRMMonthViewFlowLayout.h */ = {isa = PBXFileReference; fileEncoding = 4; lastKnownFileType = sourcecode.c.h; path = SRMMonthViewFlowLayout.h; sourceTree = "<group>"; };
		4D95A9961D5872B700526D78 /* SRMMonthViewFlowLayout.m */ = {isa = PBXFileReference; fileEncoding = 4; lastKnownFileType = sourcecode.c.objc; path = SRMMonthViewFlowLayout.m; sourceTree = "<group>"; };
		4D95A9981D5873B800526D78 /* SRMMonthBoardView.h */ = {isa = PBXFileReference; fileEncoding = 4; lastKnownFileType = sourcecode.c.h; path = SRMMonthBoardView.h; sourceTree = "<group>"; };
		4D95A9991D5873B800526D78 /* SRMMonthBoardView.m */ = {isa = PBXFileReference; fileEncoding = 4; lastKnownFileType = sourcecode.c.objc; path = SRMMonthBoardView.m; sourceTree = "<group>"; };
		4D95A9A31D58AB9100526D78 /* SRMDayBoardView.h */ = {isa = PBXFileReference; fileEncoding = 4; lastKnownFileType = sourcecode.c.h; path = SRMDayBoardView.h; sourceTree = "<group>"; };
		4D95A9A41D58AB9100526D78 /* SRMDayBoardView.m */ = {isa = PBXFileReference; fileEncoding = 4; lastKnownFileType = sourcecode.c.objc; path = SRMDayBoardView.m; sourceTree = "<group>"; };
		4D95A9A61D58B2C700526D78 /* SRMDayScheduleLayout.h */ = {isa = PBXFileReference; fileEncoding = 4; lastKnownFileType = sourcecode.c.h; path = SRMDayScheduleLayout.h; sourceTree = "<group>"; };
		4D95A9A71D58B2C700526D78 /* SRMDayScheduleLayout.m */ = {isa = PBXFileReference; fileEncoding = 4; lastKnownFileType = sourcecode.c.objc; path = SRMDayScheduleLayout.m; sourceTree = "<group>"; };
		4D95A9A91D58BC8400526D78 /* SRMDayScheduleCell.h */ = {isa = PBXFileReference; fileEncoding = 4; lastKnownFileType = sourcecode.c.h; path = SRMDayScheduleCell.h; sourceTree = "<group>"; };
		4D95A9AA1D58BC8400526D78 /* SRMDayScheduleCell.m */ = {isa = PBXFileReference; fileEncoding = 4; lastKnownFileType = sourcecode.c.objc; path = SRMDayScheduleCell.m; sourceTree = "<group>"; };
		4D95A9AB1D58BC8400526D78 /* SRMDayScheduleCell.xib */ = {isa = PBXFileReference; fileEncoding = 4; lastKnownFileType = file.xib; path = SRMDayScheduleCell.xib; sourceTree = "<group>"; };
		4D95A9B11D5B5E9E00526D78 /* SRMCalendarViewController.m */ = {isa = PBXFileReference; fileEncoding = 4; lastKnownFileType = sourcecode.c.objc; path = SRMCalendarViewController.m; sourceTree = "<group>"; };
		4D95A9B71D5C16E500526D78 /* SRMPageControl.h */ = {isa = PBXFileReference; fileEncoding = 4; lastKnownFileType = sourcecode.c.h; path = SRMPageControl.h; sourceTree = "<group>"; };
		4D95A9B81D5C16E500526D78 /* SRMPageControl.m */ = {isa = PBXFileReference; fileEncoding = 4; lastKnownFileType = sourcecode.c.objc; path = SRMPageControl.m; sourceTree = "<group>"; };
		4D95A9BA1D5C1C2900526D78 /* SRMStampStore.h */ = {isa = PBXFileReference; fileEncoding = 4; lastKnownFileType = sourcecode.c.h; path = SRMStampStore.h; sourceTree = "<group>"; };
		4D95A9BB1D5C1C2900526D78 /* SRMStampStore.m */ = {isa = PBXFileReference; fileEncoding = 4; lastKnownFileType = sourcecode.c.objc; path = SRMStampStore.m; sourceTree = "<group>"; };
		4D95A9BD1D5C1DA300526D78 /* Stamp.bundle */ = {isa = PBXFileReference; lastKnownFileType = "wrapper.plug-in"; path = Stamp.bundle; sourceTree = "<group>"; };
		4D95A9BF1D5C1EF700526D78 /* SRMStampCell.h */ = {isa = PBXFileReference; fileEncoding = 4; lastKnownFileType = sourcecode.c.h; path = SRMStampCell.h; sourceTree = "<group>"; };
		4D95A9C01D5C1EF700526D78 /* SRMStampCell.m */ = {isa = PBXFileReference; fileEncoding = 4; lastKnownFileType = sourcecode.c.objc; path = SRMStampCell.m; sourceTree = "<group>"; };
		4D95A9C11D5C1EF700526D78 /* SRMStampCell.xib */ = {isa = PBXFileReference; fileEncoding = 4; lastKnownFileType = file.xib; path = SRMStampCell.xib; sourceTree = "<group>"; };
		4DB2A9C41D52135600DE9693 /* SRMCalendarToolbar.h */ = {isa = PBXFileReference; fileEncoding = 4; lastKnownFileType = sourcecode.c.h; path = SRMCalendarToolbar.h; sourceTree = "<group>"; };
		4DB2A9C51D52135600DE9693 /* SRMCalendarToolbar.m */ = {isa = PBXFileReference; fileEncoding = 4; lastKnownFileType = sourcecode.c.objc; path = SRMCalendarToolbar.m; sourceTree = "<group>"; };
		4DB2A9CC1D52F3C200DE9693 /* SRMTimeDecoration.h */ = {isa = PBXFileReference; fileEncoding = 4; lastKnownFileType = sourcecode.c.h; path = SRMTimeDecoration.h; sourceTree = "<group>"; };
		4DB2A9CD1D52F3C200DE9693 /* SRMTimeDecoration.m */ = {isa = PBXFileReference; fileEncoding = 4; lastKnownFileType = sourcecode.c.objc; path = SRMTimeDecoration.m; sourceTree = "<group>"; };
		4DB2A9CF1D52F79900DE9693 /* SRMSwitch.h */ = {isa = PBXFileReference; fileEncoding = 4; lastKnownFileType = sourcecode.c.h; path = SRMSwitch.h; sourceTree = "<group>"; };
		4DB2A9D01D52F79900DE9693 /* SRMSwitch.m */ = {isa = PBXFileReference; fileEncoding = 4; lastKnownFileType = sourcecode.c.objc; path = SRMSwitch.m; sourceTree = "<group>"; };
		4DB2A9D21D5328CB00DE9693 /* StaticDataTableViewController.h */ = {isa = PBXFileReference; fileEncoding = 4; lastKnownFileType = sourcecode.c.h; path = StaticDataTableViewController.h; sourceTree = "<group>"; };
		4DB2A9D31D5328CB00DE9693 /* StaticDataTableViewController.m */ = {isa = PBXFileReference; fileEncoding = 4; lastKnownFileType = sourcecode.c.objc; path = StaticDataTableViewController.m; sourceTree = "<group>"; };
		4DB2A9D81D536D7F00DE9693 /* Base */ = {isa = PBXFileReference; lastKnownFileType = text.plist.strings; name = Base; path = Base.lproj/Localizable.strings; sourceTree = "<group>"; };
		4DB2A9DA1D536D9E00DE9693 /* en */ = {isa = PBXFileReference; lastKnownFileType = text.plist.strings; name = en; path = en.lproj/Localizable.strings; sourceTree = "<group>"; };
		4DB2A9DB1D536DF100DE9693 /* zh-Hans */ = {isa = PBXFileReference; lastKnownFileType = text.plist.strings; name = "zh-Hans"; path = "zh-Hans.lproj/Localizable.strings"; sourceTree = "<group>"; };
		4DB2A9E21D54896600DE9693 /* SRMSelectViewController.h */ = {isa = PBXFileReference; fileEncoding = 4; lastKnownFileType = sourcecode.c.h; path = SRMSelectViewController.h; sourceTree = "<group>"; };
		4DB2A9E31D54896600DE9693 /* SRMSelectViewController.m */ = {isa = PBXFileReference; fileEncoding = 4; lastKnownFileType = sourcecode.c.objc; path = SRMSelectViewController.m; sourceTree = "<group>"; };
		4DB2A9E51D549FC600DE9693 /* SRMSelectCell.h */ = {isa = PBXFileReference; fileEncoding = 4; lastKnownFileType = sourcecode.c.h; path = SRMSelectCell.h; sourceTree = "<group>"; };
		4DB2A9E61D549FC600DE9693 /* SRMSelectCell.m */ = {isa = PBXFileReference; fileEncoding = 4; lastKnownFileType = sourcecode.c.objc; path = SRMSelectCell.m; sourceTree = "<group>"; };
		4DB2A9E71D549FC600DE9693 /* SRMSelectCell.xib */ = {isa = PBXFileReference; fileEncoding = 4; lastKnownFileType = file.xib; path = SRMSelectCell.xib; sourceTree = "<group>"; };
		4DB2A9EA1D555C8200DE9693 /* SRMRepeatEndViewController.h */ = {isa = PBXFileReference; fileEncoding = 4; lastKnownFileType = sourcecode.c.h; path = SRMRepeatEndViewController.h; sourceTree = "<group>"; };
		4DB2A9EB1D555C8200DE9693 /* SRMRepeatEndViewController.m */ = {isa = PBXFileReference; fileEncoding = 4; lastKnownFileType = sourcecode.c.objc; path = SRMRepeatEndViewController.m; sourceTree = "<group>"; };
		4DD6CF9B1D5C412F009A686A /* SRMStamp.h */ = {isa = PBXFileReference; fileEncoding = 4; lastKnownFileType = sourcecode.c.h; path = SRMStamp.h; sourceTree = "<group>"; };
		4DD6CF9C1D5C412F009A686A /* SRMStamp.m */ = {isa = PBXFileReference; fileEncoding = 4; lastKnownFileType = sourcecode.c.objc; path = SRMStamp.m; sourceTree = "<group>"; };
		4DD6CFA11D5EB732009A686A /* SRMBoardStampCell.h */ = {isa = PBXFileReference; fileEncoding = 4; lastKnownFileType = sourcecode.c.h; path = SRMBoardStampCell.h; sourceTree = "<group>"; };
		4DD6CFA21D5EB732009A686A /* SRMBoardStampCell.m */ = {isa = PBXFileReference; fileEncoding = 4; lastKnownFileType = sourcecode.c.objc; path = SRMBoardStampCell.m; sourceTree = "<group>"; };
		4DD6CFA31D5EB732009A686A /* SRMBoardStampCell.xib */ = {isa = PBXFileReference; fileEncoding = 4; lastKnownFileType = file.xib; path = SRMBoardStampCell.xib; sourceTree = "<group>"; };
		4DD6CFA61D5F1D0A009A686A /* SRMMonthBoardView.xib */ = {isa = PBXFileReference; fileEncoding = 4; lastKnownFileType = file.xib; path = SRMMonthBoardView.xib; sourceTree = "<group>"; };
		4DD6CFA81D5F2C9F009A686A /* SRMMonthBoardViewLayout.h */ = {isa = PBXFileReference; fileEncoding = 4; lastKnownFileType = sourcecode.c.h; path = SRMMonthBoardViewLayout.h; sourceTree = "<group>"; };
		4DD6CFA91D5F2C9F009A686A /* SRMMonthBoardViewLayout.m */ = {isa = PBXFileReference; fileEncoding = 4; lastKnownFileType = sourcecode.c.objc; path = SRMMonthBoardViewLayout.m; sourceTree = "<group>"; };
		4DD6CFAB1D6189B0009A686A /* SRMEventDetailViewController.h */ = {isa = PBXFileReference; fileEncoding = 4; lastKnownFileType = sourcecode.c.h; path = SRMEventDetailViewController.h; sourceTree = "<group>"; };
		4DD6CFAC1D6189B0009A686A /* SRMEventDetailViewController.m */ = {isa = PBXFileReference; fileEncoding = 4; lastKnownFileType = sourcecode.c.objc; path = SRMEventDetailViewController.m; sourceTree = "<group>"; };
		4DD6CFAE1D62CAE9009A686A /* SRMAppearanceViewLayout.h */ = {isa = PBXFileReference; fileEncoding = 4; lastKnownFileType = sourcecode.c.h; path = SRMAppearanceViewLayout.h; sourceTree = "<group>"; };
		4DD6CFAF1D62CAE9009A686A /* SRMAppearanceViewLayout.m */ = {isa = PBXFileReference; fileEncoding = 4; lastKnownFileType = sourcecode.c.objc; path = SRMAppearanceViewLayout.m; sourceTree = "<group>"; };
/* End PBXFileReference section */

/* Begin PBXFrameworksBuildPhase section */
		4D1E5C8A1D44EAED0057DC76 /* Frameworks */ = {
			isa = PBXFrameworksBuildPhase;
			buildActionMask = 2147483647;
			files = (
			);
			runOnlyForDeploymentPostprocessing = 0;
		};
		4D1E5CA31D44EAED0057DC76 /* Frameworks */ = {
			isa = PBXFrameworksBuildPhase;
			buildActionMask = 2147483647;
			files = (
			);
			runOnlyForDeploymentPostprocessing = 0;
		};
		4D1E5CAE1D44EAED0057DC76 /* Frameworks */ = {
			isa = PBXFrameworksBuildPhase;
			buildActionMask = 2147483647;
			files = (
			);
			runOnlyForDeploymentPostprocessing = 0;
		};
/* End PBXFrameworksBuildPhase section */

/* Begin PBXGroup section */
		4D1E5C841D44EAED0057DC76 = {
			isa = PBXGroup;
			children = (
				4D1E5C8F1D44EAED0057DC76 /* Cal */,
				4D1E5CA91D44EAED0057DC76 /* CalTests */,
				4D1E5CB41D44EAED0057DC76 /* CalUITests */,
				4D1E5C8E1D44EAED0057DC76 /* Products */,
			);
			sourceTree = "<group>";
		};
		4D1E5C8E1D44EAED0057DC76 /* Products */ = {
			isa = PBXGroup;
			children = (
				4D1E5C8D1D44EAED0057DC76 /* Cal.app */,
				4D1E5CA61D44EAED0057DC76 /* CalTests.xctest */,
				4D1E5CB11D44EAED0057DC76 /* CalUITests.xctest */,
			);
			name = Products;
			sourceTree = "<group>";
		};
		4D1E5C8F1D44EAED0057DC76 /* Cal */ = {
			isa = PBXGroup;
			children = (
				4D1E5C9E1D44EAED0057DC76 /* LaunchScreen.storyboard */,
				4D1E5C991D44EAED0057DC76 /* Main.storyboard */,
				4DB2A9D91D536D7F00DE9693 /* Localizable.strings */,
				4DB2A9D21D5328CB00DE9693 /* StaticDataTableViewController.h */,
				4DB2A9D31D5328CB00DE9693 /* StaticDataTableViewController.m */,
				4D3513A31D4ACB0900D2B128 /* SRMCalendarConstance.h */,
				4D3513A41D4ACB0900D2B128 /* SRMCalendarConstance.m */,
				4D3513B41D4CEA2100D2B128 /* SRMCalendarAppearance.h */,
				4D3513B51D4CEA2100D2B128 /* SRMCalendarAppearance.m */,
				4D1E5D601D46F95A0057DC76 /* SRMCalendarTool.h */,
				4D1E5D611D46F95A0057DC76 /* SRMCalendarTool.m */,
				4D1E5D691D4891880057DC76 /* SRMCalendarViewController.h */,
				4D95A9B11D5B5E9E00526D78 /* SRMCalendarViewController.m */,
				4DD6CFAB1D6189B0009A686A /* SRMEventDetailViewController.h */,
				4DD6CFAC1D6189B0009A686A /* SRMEventDetailViewController.m */,
				4D3513AE1D4CD77B00D2B128 /* SRMEventEditViewController.h */,
				4D3513AF1D4CD77B00D2B128 /* SRMEventEditViewController.m */,
				4DB2A9E21D54896600DE9693 /* SRMSelectViewController.h */,
				4DB2A9E31D54896600DE9693 /* SRMSelectViewController.m */,
				4DB2A9EA1D555C8200DE9693 /* SRMRepeatEndViewController.h */,
				4DB2A9EB1D555C8200DE9693 /* SRMRepeatEndViewController.m */,
				4D95A9B51D5C0EE000526D78 /* AppearanceModel */,
				4D95A9B61D5C0EF900526D78 /* AppearanceView */,
				4D3513C21D4E17E400D2B128 /* EventAndTaskModel */,
				4D3513CB1D4E297F00D2B128 /* EventAndTaskView */,
				4D3513C01D4DDD0700D2B128 /* CalendarView */,
				4D1E5C931D44EAED0057DC76 /* AppDelegate.h */,
				4D1E5C941D44EAED0057DC76 /* AppDelegate.m */,
				4D1E5C9C1D44EAED0057DC76 /* Assets.xcassets */,
				4D95A9BD1D5C1DA300526D78 /* Stamp.bundle */,
				4D1E5CA11D44EAED0057DC76 /* Info.plist */,
				4D1E5C901D44EAED0057DC76 /* Supporting Files */,
			);
			path = Cal;
			sourceTree = "<group>";
		};
		4D1E5C901D44EAED0057DC76 /* Supporting Files */ = {
			isa = PBXGroup;
			children = (
				4D1E5C911D44EAED0057DC76 /* main.m */,
			);
			name = "Supporting Files";
			sourceTree = "<group>";
		};
		4D1E5CA91D44EAED0057DC76 /* CalTests */ = {
			isa = PBXGroup;
			children = (
				4D1E5CAA1D44EAED0057DC76 /* CalTests.m */,
				4D1E5CAC1D44EAED0057DC76 /* Info.plist */,
			);
			path = CalTests;
			sourceTree = "<group>";
		};
		4D1E5CB41D44EAED0057DC76 /* CalUITests */ = {
			isa = PBXGroup;
			children = (
				4D1E5CB51D44EAED0057DC76 /* CalUITests.m */,
				4D1E5CB71D44EAED0057DC76 /* Info.plist */,
			);
			path = CalUITests;
			sourceTree = "<group>";
		};
		4D3513C01D4DDD0700D2B128 /* CalendarView */ = {
			isa = PBXGroup;
			children = (
				4D1E5D631D4705BE0057DC76 /* SRMCalendarHeader.h */,
				4D1E5D641D4705BE0057DC76 /* SRMCalendarHeader.m */,
				4DB2A9C41D52135600DE9693 /* SRMCalendarToolbar.h */,
				4DB2A9C51D52135600DE9693 /* SRMCalendarToolbar.m */,
				4D3513B11D4CE85900D2B128 /* SRMMonthWeekdayHeader.h */,
				4D3513B21D4CE85900D2B128 /* SRMMonthWeekdayHeader.m */,
				4D3513B71D4D9B7600D2B128 /* SRMWeekWeekdayHeader.h */,
				4D3513B81D4D9B7600D2B128 /* SRMWeekWeekdayHeader.m */,
				4D1E5CC61D44EC740057DC76 /* SRMMonthDayCell.h */,
				4D1E5CC71D44EC740057DC76 /* SRMMonthDayCell.m */,
				4D1E5D6C1D48D6B70057DC76 /* SRMMonthDayCell.xib */,
				4D3513A61D4AED2600D2B128 /* SRMWeekDayCell.h */,
				4D3513A71D4AED2600D2B128 /* SRMWeekDayCell.m */,
				4D3513A81D4AED2600D2B128 /* SRMWeekDayCell.xib */,
				4D85DEE51D58632B000B9584 /* SRMMonthViewLayout.h */,
				4D1E5D5E1D46E5990057DC76 /* SRMMonthViewLayout.m */,
				4D95A9951D5872B700526D78 /* SRMMonthViewFlowLayout.h */,
				4D95A9961D5872B700526D78 /* SRMMonthViewFlowLayout.m */,
				4D3513AB1D4AF28900D2B128 /* SRMWeekViewFlowLayout.h */,
				4D3513AC1D4AF28900D2B128 /* SRMWeekViewFlowLayout.m */,
			);
			name = CalendarView;
			sourceTree = "<group>";
		};
		4D3513C21D4E17E400D2B128 /* EventAndTaskModel */ = {
			isa = PBXGroup;
			children = (
				4D3513DF1D4F04D500D2B128 /* SRMTask.h */,
				4D3513E01D4F04D500D2B128 /* SRMTask.m */,
				4D3513E21D4F091800D2B128 /* SRMTaskStore.h */,
				4D3513E31D4F091800D2B128 /* SRMTaskStore.m */,
				4D3513BD1D4DDACE00D2B128 /* SRMEventStore.h */,
				4D3513BE1D4DDACE00D2B128 /* SRMEventStore.m */,
			);
			name = EventAndTaskModel;
			sourceTree = "<group>";
		};
		4D3513CB1D4E297F00D2B128 /* EventAndTaskView */ = {
			isa = PBXGroup;
			children = (
				4DB2A9CF1D52F79900DE9693 /* SRMSwitch.h */,
				4DB2A9D01D52F79900DE9693 /* SRMSwitch.m */,
				4DB2A9CC1D52F3C200DE9693 /* SRMTimeDecoration.h */,
				4DB2A9CD1D52F3C200DE9693 /* SRMTimeDecoration.m */,
				4D85DEE21D580F96000B9584 /* SRMDayHeader.h */,
				4D85DEE31D580F96000B9584 /* SRMDayHeader.m */,
				4D3513D41D4ED93D00D2B128 /* SRMListHeader.h */,
				4D3513D51D4ED93D00D2B128 /* SRMListHeader.m */,
				4D3513D71D4EDD8900D2B128 /* SRMListHeader.xib */,
				4DB2A9E51D549FC600DE9693 /* SRMSelectCell.h */,
				4DB2A9E61D549FC600DE9693 /* SRMSelectCell.m */,
				4DB2A9E71D549FC600DE9693 /* SRMSelectCell.xib */,
				4D3513F01D4F172B00D2B128 /* SRMTaskCell.h */,
				4D3513F11D4F172B00D2B128 /* SRMTaskCell.m */,
				4D3513F21D4F172B00D2B128 /* SRMTaskCell.xib */,
				4D3513CC1D4E29E800D2B128 /* SRMEventCell.h */,
				4D3513CD1D4E29E800D2B128 /* SRMEventCell.m */,
				4D3513CE1D4E29E800D2B128 /* SRMEventCell.xib */,
				4D95A9A91D58BC8400526D78 /* SRMDayScheduleCell.h */,
				4D95A9AA1D58BC8400526D78 /* SRMDayScheduleCell.m */,
				4D95A9AB1D58BC8400526D78 /* SRMDayScheduleCell.xib */,
				4D95A9A31D58AB9100526D78 /* SRMDayBoardView.h */,
				4D95A9A41D58AB9100526D78 /* SRMDayBoardView.m */,
				4D95A9A61D58B2C700526D78 /* SRMDayScheduleLayout.h */,
				4D95A9A71D58B2C700526D78 /* SRMDayScheduleLayout.m */,
			);
			name = EventAndTaskView;
			sourceTree = "<group>";
		};
		4D95A9B51D5C0EE000526D78 /* AppearanceModel */ = {
			isa = PBXGroup;
			children = (
				4DD6CF9B1D5C412F009A686A /* SRMStamp.h */,
				4DD6CF9C1D5C412F009A686A /* SRMStamp.m */,
				4D95A9BA1D5C1C2900526D78 /* SRMStampStore.h */,
				4D95A9BB1D5C1C2900526D78 /* SRMStampStore.m */,
			);
			name = AppearanceModel;
			sourceTree = "<group>";
		};
		4D95A9B61D5C0EF900526D78 /* AppearanceView */ = {
			isa = PBXGroup;
			children = (
				4D95A9B71D5C16E500526D78 /* SRMPageControl.h */,
				4D95A9B81D5C16E500526D78 /* SRMPageControl.m */,
				4D95A9BF1D5C1EF700526D78 /* SRMStampCell.h */,
				4D95A9C01D5C1EF700526D78 /* SRMStampCell.m */,
				4D95A9C11D5C1EF700526D78 /* SRMStampCell.xib */,
				4DD6CFA11D5EB732009A686A /* SRMBoardStampCell.h */,
				4DD6CFA21D5EB732009A686A /* SRMBoardStampCell.m */,
				4DD6CFA31D5EB732009A686A /* SRMBoardStampCell.xib */,
				4D95A9981D5873B800526D78 /* SRMMonthBoardView.h */,
				4D95A9991D5873B800526D78 /* SRMMonthBoardView.m */,
				4DD6CFA61D5F1D0A009A686A /* SRMMonthBoardView.xib */,
				4DD6CFA81D5F2C9F009A686A /* SRMMonthBoardViewLayout.h */,
				4DD6CFA91D5F2C9F009A686A /* SRMMonthBoardViewLayout.m */,
				4DD6CFAE1D62CAE9009A686A /* SRMAppearanceViewLayout.h */,
				4DD6CFAF1D62CAE9009A686A /* SRMAppearanceViewLayout.m */,
			);
			name = AppearanceView;
			sourceTree = "<group>";
		};
/* End PBXGroup section */

/* Begin PBXNativeTarget section */
		4D1E5C8C1D44EAED0057DC76 /* Cal */ = {
			isa = PBXNativeTarget;
			buildConfigurationList = 4D1E5CBA1D44EAED0057DC76 /* Build configuration list for PBXNativeTarget "Cal" */;
			buildPhases = (
				4D1E5C891D44EAED0057DC76 /* Sources */,
				4D1E5C8A1D44EAED0057DC76 /* Frameworks */,
				4D1E5C8B1D44EAED0057DC76 /* Resources */,
			);
			buildRules = (
			);
			dependencies = (
			);
			name = Cal;
			productName = Cal;
			productReference = 4D1E5C8D1D44EAED0057DC76 /* Cal.app */;
			productType = "com.apple.product-type.application";
		};
		4D1E5CA51D44EAED0057DC76 /* CalTests */ = {
			isa = PBXNativeTarget;
			buildConfigurationList = 4D1E5CBD1D44EAED0057DC76 /* Build configuration list for PBXNativeTarget "CalTests" */;
			buildPhases = (
				4D1E5CA21D44EAED0057DC76 /* Sources */,
				4D1E5CA31D44EAED0057DC76 /* Frameworks */,
				4D1E5CA41D44EAED0057DC76 /* Resources */,
			);
			buildRules = (
			);
			dependencies = (
				4D1E5CA81D44EAED0057DC76 /* PBXTargetDependency */,
			);
			name = CalTests;
			productName = CalTests;
			productReference = 4D1E5CA61D44EAED0057DC76 /* CalTests.xctest */;
			productType = "com.apple.product-type.bundle.unit-test";
		};
		4D1E5CB01D44EAED0057DC76 /* CalUITests */ = {
			isa = PBXNativeTarget;
			buildConfigurationList = 4D1E5CC01D44EAED0057DC76 /* Build configuration list for PBXNativeTarget "CalUITests" */;
			buildPhases = (
				4D1E5CAD1D44EAED0057DC76 /* Sources */,
				4D1E5CAE1D44EAED0057DC76 /* Frameworks */,
				4D1E5CAF1D44EAED0057DC76 /* Resources */,
			);
			buildRules = (
			);
			dependencies = (
				4D1E5CB31D44EAED0057DC76 /* PBXTargetDependency */,
			);
			name = CalUITests;
			productName = CalUITests;
			productReference = 4D1E5CB11D44EAED0057DC76 /* CalUITests.xctest */;
			productType = "com.apple.product-type.bundle.ui-testing";
		};
/* End PBXNativeTarget section */

/* Begin PBXProject section */
		4D1E5C851D44EAED0057DC76 /* Project object */ = {
			isa = PBXProject;
			attributes = {
				LastUpgradeCheck = 0720;
				ORGANIZATIONNAME = Sorumi;
				TargetAttributes = {
					4D1E5C8C1D44EAED0057DC76 = {
						CreatedOnToolsVersion = 7.2;
						DevelopmentTeam = 49PM32K82W;
					};
					4D1E5CA51D44EAED0057DC76 = {
						CreatedOnToolsVersion = 7.2;
						DevelopmentTeam = 49PM32K82W;
						TestTargetID = 4D1E5C8C1D44EAED0057DC76;
					};
					4D1E5CB01D44EAED0057DC76 = {
						CreatedOnToolsVersion = 7.2;
						DevelopmentTeam = 49PM32K82W;
						TestTargetID = 4D1E5C8C1D44EAED0057DC76;
					};
				};
			};
			buildConfigurationList = 4D1E5C881D44EAED0057DC76 /* Build configuration list for PBXProject "Cal" */;
			compatibilityVersion = "Xcode 3.2";
			developmentRegion = English;
			hasScannedForEncodings = 0;
			knownRegions = (
				en,
				Base,
				"zh-Hans",
			);
			mainGroup = 4D1E5C841D44EAED0057DC76;
			productRefGroup = 4D1E5C8E1D44EAED0057DC76 /* Products */;
			projectDirPath = "";
			projectRoot = "";
			targets = (
				4D1E5C8C1D44EAED0057DC76 /* Cal */,
				4D1E5CA51D44EAED0057DC76 /* CalTests */,
				4D1E5CB01D44EAED0057DC76 /* CalUITests */,
			);
		};
/* End PBXProject section */

/* Begin PBXResourcesBuildPhase section */
		4D1E5C8B1D44EAED0057DC76 /* Resources */ = {
			isa = PBXResourcesBuildPhase;
			buildActionMask = 2147483647;
			files = (
				4D3513D81D4EDD8900D2B128 /* SRMListHeader.xib in Resources */,
				4DD6CFA51D5EB732009A686A /* SRMBoardStampCell.xib in Resources */,
				4D1E5CA01D44EAED0057DC76 /* LaunchScreen.storyboard in Resources */,
				4D1E5C9D1D44EAED0057DC76 /* Assets.xcassets in Resources */,
				4D3513AA1D4AED2600D2B128 /* SRMWeekDayCell.xib in Resources */,
				4DB2A9D71D536D7F00DE9693 /* Localizable.strings in Resources */,
				4D1E5D6D1D48D6B70057DC76 /* SRMMonthDayCell.xib in Resources */,
				4DD6CFA71D5F1D0A009A686A /* SRMMonthBoardView.xib in Resources */,
				4D3513F41D4F172B00D2B128 /* SRMTaskCell.xib in Resources */,
				4D1E5C9B1D44EAED0057DC76 /* Main.storyboard in Resources */,
				4DB2A9E91D549FC600DE9693 /* SRMSelectCell.xib in Resources */,
				4D95A9BE1D5C1DA300526D78 /* Stamp.bundle in Resources */,
				4D3513D01D4E29E800D2B128 /* SRMEventCell.xib in Resources */,
				4D95A9C31D5C1EF700526D78 /* SRMStampCell.xib in Resources */,
				4D95A9AD1D58BC8400526D78 /* SRMDayScheduleCell.xib in Resources */,
			);
			runOnlyForDeploymentPostprocessing = 0;
		};
		4D1E5CA41D44EAED0057DC76 /* Resources */ = {
			isa = PBXResourcesBuildPhase;
			buildActionMask = 2147483647;
			files = (
			);
			runOnlyForDeploymentPostprocessing = 0;
		};
		4D1E5CAF1D44EAED0057DC76 /* Resources */ = {
			isa = PBXResourcesBuildPhase;
			buildActionMask = 2147483647;
			files = (
			);
			runOnlyForDeploymentPostprocessing = 0;
		};
/* End PBXResourcesBuildPhase section */

/* Begin PBXSourcesBuildPhase section */
		4D1E5C891D44EAED0057DC76 /* Sources */ = {
			isa = PBXSourcesBuildPhase;
			buildActionMask = 2147483647;
			files = (
				4DD6CFAA1D5F2C9F009A686A /* SRMMonthBoardViewLayout.m in Sources */,
				4DB2A9EC1D555C8200DE9693 /* SRMRepeatEndViewController.m in Sources */,
				4D1E5D651D4705BE0057DC76 /* SRMCalendarHeader.m in Sources */,
				4D3513A91D4AED2600D2B128 /* SRMWeekDayCell.m in Sources */,
				4DB2A9E41D54896600DE9693 /* SRMSelectViewController.m in Sources */,
				4D3513F31D4F172B00D2B128 /* SRMTaskCell.m in Sources */,
				4D3513D61D4ED93D00D2B128 /* SRMListHeader.m in Sources */,
				4D1E5CC81D44EC740057DC76 /* SRMMonthDayCell.m in Sources */,
				4D3513CF1D4E29E800D2B128 /* SRMEventCell.m in Sources */,
				4D95A99A1D5873B800526D78 /* SRMMonthBoardView.m in Sources */,
				4DD6CFAD1D6189B0009A686A /* SRMEventDetailViewController.m in Sources */,
				4D95A9A81D58B2C700526D78 /* SRMDayScheduleLayout.m in Sources */,
				4D95A9BC1D5C1C2900526D78 /* SRMStampStore.m in Sources */,
				4DB2A9D41D5328CB00DE9693 /* StaticDataTableViewController.m in Sources */,
				4DD6CF9D1D5C412F009A686A /* SRMStamp.m in Sources */,
				4DB2A9CE1D52F3C200DE9693 /* SRMTimeDecoration.m in Sources */,
				4D95A9A51D58AB9100526D78 /* SRMDayBoardView.m in Sources */,
				4D95A9C21D5C1EF700526D78 /* SRMStampCell.m in Sources */,
				4D3513B01D4CD77B00D2B128 /* SRMEventEditViewController.m in Sources */,
				4DB2A9E81D549FC600DE9693 /* SRMSelectCell.m in Sources */,
				4D3513A51D4ACB0900D2B128 /* SRMCalendarConstance.m in Sources */,
				4DB2A9D11D52F79900DE9693 /* SRMSwitch.m in Sources */,
				4DD6CFB01D62CAE9009A686A /* SRMAppearanceViewLayout.m in Sources */,
				4D95A9B91D5C16E500526D78 /* SRMPageControl.m in Sources */,
				4D3513B91D4D9B7600D2B128 /* SRMWeekWeekdayHeader.m in Sources */,
				4D3513B31D4CE85900D2B128 /* SRMMonthWeekdayHeader.m in Sources */,
				4D3513B61D4CEA2100D2B128 /* SRMCalendarAppearance.m in Sources */,
				4D95A9B21D5B5E9E00526D78 /* SRMCalendarViewController.m in Sources */,
				4DB2A9C61D52135600DE9693 /* SRMCalendarToolbar.m in Sources */,
				4D95A9971D5872B700526D78 /* SRMMonthViewFlowLayout.m in Sources */,
				4D3513E11D4F04D500D2B128 /* SRMTask.m in Sources */,
				4D95A9AC1D58BC8400526D78 /* SRMDayScheduleCell.m in Sources */,
				4D1E5D5F1D46E5990057DC76 /* SRMMonthViewLayout.m in Sources */,
				4D3513E41D4F091800D2B128 /* SRMTaskStore.m in Sources */,
				4D1E5C951D44EAED0057DC76 /* AppDelegate.m in Sources */,
				4D1E5D621D46F95A0057DC76 /* SRMCalendarTool.m in Sources */,
				4D85DEE41D580F96000B9584 /* SRMDayHeader.m in Sources */,
				4D1E5C921D44EAED0057DC76 /* main.m in Sources */,
				4DD6CFA41D5EB732009A686A /* SRMBoardStampCell.m in Sources */,
				4D3513AD1D4AF28900D2B128 /* SRMWeekViewFlowLayout.m in Sources */,
				4D3513BF1D4DDACE00D2B128 /* SRMEventStore.m in Sources */,
			);
			runOnlyForDeploymentPostprocessing = 0;
		};
		4D1E5CA21D44EAED0057DC76 /* Sources */ = {
			isa = PBXSourcesBuildPhase;
			buildActionMask = 2147483647;
			files = (
				4D1E5CAB1D44EAED0057DC76 /* CalTests.m in Sources */,
			);
			runOnlyForDeploymentPostprocessing = 0;
		};
		4D1E5CAD1D44EAED0057DC76 /* Sources */ = {
			isa = PBXSourcesBuildPhase;
			buildActionMask = 2147483647;
			files = (
				4D1E5CB61D44EAED0057DC76 /* CalUITests.m in Sources */,
			);
			runOnlyForDeploymentPostprocessing = 0;
		};
/* End PBXSourcesBuildPhase section */

/* Begin PBXTargetDependency section */
		4D1E5CA81D44EAED0057DC76 /* PBXTargetDependency */ = {
			isa = PBXTargetDependency;
			target = 4D1E5C8C1D44EAED0057DC76 /* Cal */;
			targetProxy = 4D1E5CA71D44EAED0057DC76 /* PBXContainerItemProxy */;
		};
		4D1E5CB31D44EAED0057DC76 /* PBXTargetDependency */ = {
			isa = PBXTargetDependency;
			target = 4D1E5C8C1D44EAED0057DC76 /* Cal */;
			targetProxy = 4D1E5CB21D44EAED0057DC76 /* PBXContainerItemProxy */;
		};
/* End PBXTargetDependency section */

/* Begin PBXVariantGroup section */
		4D1E5C991D44EAED0057DC76 /* Main.storyboard */ = {
			isa = PBXVariantGroup;
			children = (
				4D1E5C9A1D44EAED0057DC76 /* Base */,
			);
			name = Main.storyboard;
			sourceTree = "<group>";
		};
		4D1E5C9E1D44EAED0057DC76 /* LaunchScreen.storyboard */ = {
			isa = PBXVariantGroup;
			children = (
				4D1E5C9F1D44EAED0057DC76 /* Base */,
			);
			name = LaunchScreen.storyboard;
			sourceTree = "<group>";
		};
		4DB2A9D91D536D7F00DE9693 /* Localizable.strings */ = {
			isa = PBXVariantGroup;
			children = (
				4DB2A9D81D536D7F00DE9693 /* Base */,
				4DB2A9DA1D536D9E00DE9693 /* en */,
				4DB2A9DB1D536DF100DE9693 /* zh-Hans */,
			);
			name = Localizable.strings;
			sourceTree = "<group>";
		};
/* End PBXVariantGroup section */

/* Begin XCBuildConfiguration section */
		4D1E5CB81D44EAED0057DC76 /* Debug */ = {
			isa = XCBuildConfiguration;
			buildSettings = {
				ALWAYS_SEARCH_USER_PATHS = NO;
				CLANG_CXX_LANGUAGE_STANDARD = "gnu++0x";
				CLANG_CXX_LIBRARY = "libc++";
				CLANG_ENABLE_MODULES = YES;
				CLANG_ENABLE_OBJC_ARC = YES;
				CLANG_WARN_BOOL_CONVERSION = YES;
				CLANG_WARN_CONSTANT_CONVERSION = YES;
				CLANG_WARN_DIRECT_OBJC_ISA_USAGE = YES_ERROR;
				CLANG_WARN_EMPTY_BODY = YES;
				CLANG_WARN_ENUM_CONVERSION = YES;
				CLANG_WARN_INT_CONVERSION = YES;
				CLANG_WARN_OBJC_ROOT_CLASS = YES_ERROR;
				CLANG_WARN_UNREACHABLE_CODE = YES;
				CLANG_WARN__DUPLICATE_METHOD_MATCH = YES;
				"CODE_SIGN_IDENTITY[sdk=iphoneos*]" = "iPhone Developer";
				COPY_PHASE_STRIP = NO;
				DEBUG_INFORMATION_FORMAT = dwarf;
				ENABLE_STRICT_OBJC_MSGSEND = YES;
				ENABLE_TESTABILITY = YES;
				GCC_C_LANGUAGE_STANDARD = gnu99;
				GCC_DYNAMIC_NO_PIC = NO;
				GCC_NO_COMMON_BLOCKS = YES;
				GCC_OPTIMIZATION_LEVEL = 0;
				GCC_PREPROCESSOR_DEFINITIONS = (
					"DEBUG=1",
					"$(inherited)",
				);
				GCC_WARN_64_TO_32_BIT_CONVERSION = YES;
				GCC_WARN_ABOUT_RETURN_TYPE = YES_ERROR;
				GCC_WARN_UNDECLARED_SELECTOR = YES;
				GCC_WARN_UNINITIALIZED_AUTOS = YES_AGGRESSIVE;
				GCC_WARN_UNUSED_FUNCTION = YES;
				GCC_WARN_UNUSED_VARIABLE = YES;
				IPHONEOS_DEPLOYMENT_TARGET = 9.2;
				MTL_ENABLE_DEBUG_INFO = YES;
				ONLY_ACTIVE_ARCH = YES;
				SDKROOT = iphoneos;
			};
			name = Debug;
		};
		4D1E5CB91D44EAED0057DC76 /* Release */ = {
			isa = XCBuildConfiguration;
			buildSettings = {
				ALWAYS_SEARCH_USER_PATHS = NO;
				CLANG_CXX_LANGUAGE_STANDARD = "gnu++0x";
				CLANG_CXX_LIBRARY = "libc++";
				CLANG_ENABLE_MODULES = YES;
				CLANG_ENABLE_OBJC_ARC = YES;
				CLANG_WARN_BOOL_CONVERSION = YES;
				CLANG_WARN_CONSTANT_CONVERSION = YES;
				CLANG_WARN_DIRECT_OBJC_ISA_USAGE = YES_ERROR;
				CLANG_WARN_EMPTY_BODY = YES;
				CLANG_WARN_ENUM_CONVERSION = YES;
				CLANG_WARN_INT_CONVERSION = YES;
				CLANG_WARN_OBJC_ROOT_CLASS = YES_ERROR;
				CLANG_WARN_UNREACHABLE_CODE = YES;
				CLANG_WARN__DUPLICATE_METHOD_MATCH = YES;
				"CODE_SIGN_IDENTITY[sdk=iphoneos*]" = "iPhone Developer";
				COPY_PHASE_STRIP = NO;
				DEBUG_INFORMATION_FORMAT = "dwarf-with-dsym";
				ENABLE_NS_ASSERTIONS = NO;
				ENABLE_STRICT_OBJC_MSGSEND = YES;
				GCC_C_LANGUAGE_STANDARD = gnu99;
				GCC_NO_COMMON_BLOCKS = YES;
				GCC_WARN_64_TO_32_BIT_CONVERSION = YES;
				GCC_WARN_ABOUT_RETURN_TYPE = YES_ERROR;
				GCC_WARN_UNDECLARED_SELECTOR = YES;
				GCC_WARN_UNINITIALIZED_AUTOS = YES_AGGRESSIVE;
				GCC_WARN_UNUSED_FUNCTION = YES;
				GCC_WARN_UNUSED_VARIABLE = YES;
				IPHONEOS_DEPLOYMENT_TARGET = 9.2;
				MTL_ENABLE_DEBUG_INFO = NO;
				SDKROOT = iphoneos;
				VALIDATE_PRODUCT = YES;
			};
			name = Release;
		};
		4D1E5CBB1D44EAED0057DC76 /* Debug */ = {
			isa = XCBuildConfiguration;
			buildSettings = {
				ASSETCATALOG_COMPILER_APPICON_NAME = AppIcon;
				CODE_SIGN_IDENTITY = "iPhone Developer";
				INFOPLIST_FILE = Cal/Info.plist;
				LD_RUNPATH_SEARCH_PATHS = "$(inherited) @executable_path/Frameworks";
				PRODUCT_BUNDLE_IDENTIFIER = sorumi.Cal;
				PRODUCT_NAME = "$(TARGET_NAME)";
			};
			name = Debug;
		};
		4D1E5CBC1D44EAED0057DC76 /* Release */ = {
			isa = XCBuildConfiguration;
			buildSettings = {
				ASSETCATALOG_COMPILER_APPICON_NAME = AppIcon;
				CODE_SIGN_IDENTITY = "iPhone Developer";
				INFOPLIST_FILE = Cal/Info.plist;
				LD_RUNPATH_SEARCH_PATHS = "$(inherited) @executable_path/Frameworks";
				PRODUCT_BUNDLE_IDENTIFIER = sorumi.Cal;
				PRODUCT_NAME = "$(TARGET_NAME)";
			};
			name = Release;
		};
		4D1E5CBE1D44EAED0057DC76 /* Debug */ = {
			isa = XCBuildConfiguration;
			buildSettings = {
				BUNDLE_LOADER = "$(TEST_HOST)";
				INFOPLIST_FILE = CalTests/Info.plist;
				LD_RUNPATH_SEARCH_PATHS = "$(inherited) @executable_path/Frameworks @loader_path/Frameworks";
				PRODUCT_BUNDLE_IDENTIFIER = sorumi.CalTests;
				PRODUCT_NAME = "$(TARGET_NAME)";
				TEST_HOST = "$(BUILT_PRODUCTS_DIR)/Cal.app/Cal";
			};
			name = Debug;
		};
		4D1E5CBF1D44EAED0057DC76 /* Release */ = {
			isa = XCBuildConfiguration;
			buildSettings = {
				BUNDLE_LOADER = "$(TEST_HOST)";
				INFOPLIST_FILE = CalTests/Info.plist;
				LD_RUNPATH_SEARCH_PATHS = "$(inherited) @executable_path/Frameworks @loader_path/Frameworks";
				PRODUCT_BUNDLE_IDENTIFIER = sorumi.CalTests;
				PRODUCT_NAME = "$(TARGET_NAME)";
				TEST_HOST = "$(BUILT_PRODUCTS_DIR)/Cal.app/Cal";
			};
			name = Release;
		};
		4D1E5CC11D44EAED0057DC76 /* Debug */ = {
			isa = XCBuildConfiguration;
			buildSettings = {
				INFOPLIST_FILE = CalUITests/Info.plist;
				LD_RUNPATH_SEARCH_PATHS = "$(inherited) @executable_path/Frameworks @loader_path/Frameworks";
				PRODUCT_BUNDLE_IDENTIFIER = sorumi.CalUITests;
				PRODUCT_NAME = "$(TARGET_NAME)";
				TEST_TARGET_NAME = Cal;
				USES_XCTRUNNER = YES;
			};
			name = Debug;
		};
		4D1E5CC21D44EAED0057DC76 /* Release */ = {
			isa = XCBuildConfiguration;
			buildSettings = {
				INFOPLIST_FILE = CalUITests/Info.plist;
				LD_RUNPATH_SEARCH_PATHS = "$(inherited) @executable_path/Frameworks @loader_path/Frameworks";
				PRODUCT_BUNDLE_IDENTIFIER = sorumi.CalUITests;
				PRODUCT_NAME = "$(TARGET_NAME)";
				TEST_TARGET_NAME = Cal;
				USES_XCTRUNNER = YES;
			};
			name = Release;
		};
/* End XCBuildConfiguration section */

/* Begin XCConfigurationList section */
		4D1E5C881D44EAED0057DC76 /* Build configuration list for PBXProject "Cal" */ = {
			isa = XCConfigurationList;
			buildConfigurations = (
				4D1E5CB81D44EAED0057DC76 /* Debug */,
				4D1E5CB91D44EAED0057DC76 /* Release */,
			);
			defaultConfigurationIsVisible = 0;
			defaultConfigurationName = Release;
		};
		4D1E5CBA1D44EAED0057DC76 /* Build configuration list for PBXNativeTarget "Cal" */ = {
			isa = XCConfigurationList;
			buildConfigurations = (
				4D1E5CBB1D44EAED0057DC76 /* Debug */,
				4D1E5CBC1D44EAED0057DC76 /* Release */,
			);
			defaultConfigurationIsVisible = 0;
			defaultConfigurationName = Release;
		};
		4D1E5CBD1D44EAED0057DC76 /* Build configuration list for PBXNativeTarget "CalTests" */ = {
			isa = XCConfigurationList;
			buildConfigurations = (
				4D1E5CBE1D44EAED0057DC76 /* Debug */,
				4D1E5CBF1D44EAED0057DC76 /* Release */,
			);
			defaultConfigurationIsVisible = 0;
			defaultConfigurationName = Release;
		};
		4D1E5CC01D44EAED0057DC76 /* Build configuration list for PBXNativeTarget "CalUITests" */ = {
			isa = XCConfigurationList;
			buildConfigurations = (
				4D1E5CC11D44EAED0057DC76 /* Debug */,
				4D1E5CC21D44EAED0057DC76 /* Release */,
			);
			defaultConfigurationIsVisible = 0;
			defaultConfigurationName = Release;
		};
/* End XCConfigurationList section */
	};
	rootObject = 4D1E5C851D44EAED0057DC76 /* Project object */;
}
